
Microsoft Visual Studio Solution File, Format Version 12.00
# Visual Studio Version 17
VisualStudioVersion = 17.8.34525.116
MinimumVisualStudioVersion = 10.0.40219.1
Project("{9A19103F-16F7-4668-BE54-9A1E7A4F7556}") = "Wpapers", "Wpapers\Wpapers.csproj", "{BD1EE348-4D8D-4CA8-960C-D6D19B4E0A8E}"
EndProject
Project("{9A19103F-16F7-4668-BE54-9A1E7A4F7556}") = "Wpapers.Data", "Wpapers.Data\Wpapers.Data.csproj", "{FEE83D41-AC07-4AB8-A0A5-E5F239C3853F}"
EndProject
Project("{9A19103F-16F7-4668-BE54-9A1E7A4F7556}") = "Wpapers.Data.Models", "Wpapers.Data.Models\Wpapers.Data.Models.csproj", "{ABA964E9-ED1B-47CE-BC97-8BB3BAAB91AA}"
EndProject
Project("{9A19103F-16F7-4668-BE54-9A1E7A4F7556}") = "Wpapers.Common", "Wpapers.Common\Wpapers.Common.csproj", "{07DA25DD-4491-466F-B2F6-5BF98B398F72}"
EndProject
Project("{FAE04EC0-301F-11D3-BF4B-00C04F79EFBC}") = "Wpapers.Services", "Wpapers.Services\Wpapers.Services.csproj", "{0FCE4B34-3275-48C9-95B9-9B8A4A152151}"
EndProject
Project("{FAE04EC0-301F-11D3-BF4B-00C04F79EFBC}") = "Wpapers.ViewModels", "Wpapers.ViewModels\Wpapers.ViewModels.csproj", "{A9CF49C4-2914-4D1A-9CD1-0AF290774116}"
EndProject
Global
	GlobalSection(SolutionConfigurationPlatforms) = preSolution
		Debug|Any CPU = Debug|Any CPU
		Release|Any CPU = Release|Any CPU
	EndGlobalSection
	GlobalSection(ProjectConfigurationPlatforms) = postSolution
		{BD1EE348-4D8D-4CA8-960C-D6D19B4E0A8E}.Debug|Any CPU.ActiveCfg = Debug|Any CPU
		{BD1EE348-4D8D-4CA8-960C-D6D19B4E0A8E}.Debug|Any CPU.Build.0 = Debug|Any CPU
		{BD1EE348-4D8D-4CA8-960C-D6D19B4E0A8E}.Release|Any CPU.ActiveCfg = Release|Any CPU
		{BD1EE348-4D8D-4CA8-960C-D6D19B4E0A8E}.Release|Any CPU.Build.0 = Release|Any CPU
		{FEE83D41-AC07-4AB8-A0A5-E5F239C3853F}.Debug|Any CPU.ActiveCfg = Debug|Any CPU
		{FEE83D41-AC07-4AB8-A0A5-E5F239C3853F}.Debug|Any CPU.Build.0 = Debug|Any CPU
		{FEE83D41-AC07-4AB8-A0A5-E5F239C3853F}.Release|Any CPU.ActiveCfg = Release|Any CPU
		{FEE83D41-AC07-4AB8-A0A5-E5F239C3853F}.Release|Any CPU.Build.0 = Release|Any CPU
		{ABA964E9-ED1B-47CE-BC97-8BB3BAAB91AA}.Debug|Any CPU.ActiveCfg = Debug|Any CPU
		{ABA964E9-ED1B-47CE-BC97-8BB3BAAB91AA}.Debug|Any CPU.Build.0 = Debug|Any CPU
		{ABA964E9-ED1B-47CE-BC97-8BB3BAAB91AA}.Release|Any CPU.ActiveCfg = Release|Any CPU
		{ABA964E9-ED1B-47CE-BC97-8BB3BAAB91AA}.Release|Any CPU.Build.0 = Release|Any CPU
		{07DA25DD-4491-466F-B2F6-5BF98B398F72}.Debug|Any CPU.ActiveCfg = Debug|Any CPU
		{07DA25DD-4491-466F-B2F6-5BF98B398F72}.Debug|Any CPU.Build.0 = Debug|Any CPU
		{07DA25DD-4491-466F-B2F6-5BF98B398F72}.Release|Any CPU.ActiveCfg = Release|Any CPU
		{07DA25DD-4491-466F-B2F6-5BF98B398F72}.Release|Any CPU.Build.0 = Release|Any CPU
		{0FCE4B34-3275-48C9-95B9-9B8A4A152151}.Debug|Any CPU.ActiveCfg = Debug|Any CPU
		{0FCE4B34-3275-48C9-95B9-9B8A4A152151}.Debug|Any CPU.Build.0 = Debug|Any CPU
		{0FCE4B34-3275-48C9-95B9-9B8A4A152151}.Release|Any CPU.ActiveCfg = Release|Any CPU
		{0FCE4B34-3275-48C9-95B9-9B8A4A152151}.Release|Any CPU.Build.0 = Release|Any CPU
		{A9CF49C4-2914-4D1A-9CD1-0AF290774116}.Debug|Any CPU.ActiveCfg = Debug|Any CPU
		{A9CF49C4-2914-4D1A-9CD1-0AF290774116}.Debug|Any CPU.Build.0 = Debug|Any CPU
		{A9CF49C4-2914-4D1A-9CD1-0AF290774116}.Release|Any CPU.ActiveCfg = Release|Any CPU
		{A9CF49C4-2914-4D1A-9CD1-0AF290774116}.Release|Any CPU.Build.0 = Release|Any CPU
	EndGlobalSection
	GlobalSection(SolutionProperties) = preSolution
		HideSolutionNode = FALSE
	EndGlobalSection
	GlobalSection(ExtensibilityGlobals) = postSolution
		SolutionGuid = {FB7129EB-A36A-4F3B-B1F5-3FB7436BD284}
	EndGlobalSection
EndGlobal
